# This file was autogenerated by Stack.
# You should not edit this file by hand.
# For more information, please see the documentation at:
#   https://docs.haskellstack.org/en/stable/lock_files

packages:
- completed:
    name: trie-simple
    version: 0.4.1.1
    git: https://github.com/viercc/trie-simple.git
    pantry-tree:
      size: 2137
      sha256: ca6f7b59b320e8da7d3b4748cbbbb804b1da66946801a52d2ac3a58f428c8691
    commit: c26524381311c6f546c6d44ef82b37e9a10fa930
  original:
    git: https://github.com/viercc/trie-simple.git
    commit: c26524381311c6f546c6d44ef82b37e9a10fa930
snapshots:
- completed:
    size: 576543
    url: https://raw.githubusercontent.com/commercialhaskell/stackage-snapshots/master/nightly/2021/8/20.yaml
    sha256: 17a600058a2092ff77b40d563b9dc1d7b98f0f7b7b75d54dc7d49dc17b1fb26a
  original: nightly-2021-08-20
